// !$*UTF8*$!
{
	archiveVersion = 1;
	classes = {
	};
	objectVersion = 46;
	objects = {

/* Begin PBXBuildFile section */
		BF1BBB3A1E0E438700444D62 /* AppDelegate.swift in Sources */ = {isa = PBXBuildFile; fileRef = BF1BBB391E0E438700444D62 /* AppDelegate.swift */; };
		BF1BBB3F1E0E438700444D62 /* Main.storyboard in Resources */ = {isa = PBXBuildFile; fileRef = BF1BBB3D1E0E438700444D62 /* Main.storyboard */; };
		BF1BBB421E0E438700444D62 /* NTNU_Image_Talk_Mobile.xcdatamodeld in Sources */ = {isa = PBXBuildFile; fileRef = BF1BBB401E0E438700444D62 /* NTNU_Image_Talk_Mobile.xcdatamodeld */; };
		BF1BBB441E0E438700444D62 /* Assets.xcassets in Resources */ = {isa = PBXBuildFile; fileRef = BF1BBB431E0E438700444D62 /* Assets.xcassets */; };
		BF1BBB471E0E438700444D62 /* LaunchScreen.storyboard in Resources */ = {isa = PBXBuildFile; fileRef = BF1BBB451E0E438700444D62 /* LaunchScreen.storyboard */; };
		BF1BBB521E0E438800444D62 /* NTNU_Image_Talk_MobileTests.swift in Sources */ = {isa = PBXBuildFile; fileRef = BF1BBB511E0E438800444D62 /* NTNU_Image_Talk_MobileTests.swift */; };
		BF1BBB5D1E0E438800444D62 /* NTNU_Image_Talk_MobileUITests.swift in Sources */ = {isa = PBXBuildFile; fileRef = BF1BBB5C1E0E438800444D62 /* NTNU_Image_Talk_MobileUITests.swift */; };
		BF1BBB6B1E0E509800444D62 /* ImageTableViewController.swift in Sources */ = {isa = PBXBuildFile; fileRef = BF1BBB6A1E0E509800444D62 /* ImageTableViewController.swift */; };
		BF1BBB6D1E0E6C2200444D62 /* ImageTableViewCell.swift in Sources */ = {isa = PBXBuildFile; fileRef = BF1BBB6C1E0E6C2200444D62 /* ImageTableViewCell.swift */; };
		BF1BBB6F1E0E9E8A00444D62 /* imageDetailViewController.swift in Sources */ = {isa = PBXBuildFile; fileRef = BF1BBB6E1E0E9E8A00444D62 /* imageDetailViewController.swift */; };
		BF1BBB711E0EA19600444D62 /* MyImage.swift in Sources */ = {isa = PBXBuildFile; fileRef = BF1BBB701E0EA19600444D62 /* MyImage.swift */; };
		BF1BBB731E0FBC1900444D62 /* addImageControllerTableViewController.swift in Sources */ = {isa = PBXBuildFile; fileRef = BF1BBB721E0FBC1800444D62 /* addImageControllerTableViewController.swift */; };
/* End PBXBuildFile section */

/* Begin PBXContainerItemProxy section */
		BF1BBB4E1E0E438800444D62 /* PBXContainerItemProxy */ = {
			isa = PBXContainerItemProxy;
			containerPortal = BF1BBB2E1E0E438700444D62 /* Project object */;
			proxyType = 1;
			remoteGlobalIDString = BF1BBB351E0E438700444D62;
			remoteInfo = "NTNU Image Talk Mobile";
		};
		BF1BBB591E0E438800444D62 /* PBXContainerItemProxy */ = {
			isa = PBXContainerItemProxy;
			containerPortal = BF1BBB2E1E0E438700444D62 /* Project object */;
			proxyType = 1;
			remoteGlobalIDString = BF1BBB351E0E438700444D62;
			remoteInfo = "NTNU Image Talk Mobile";
		};
/* End PBXContainerItemProxy section */

/* Begin PBXFileReference section */
		BF1BBB361E0E438700444D62 /* NTNU Image Talk Mobile.app */ = {isa = PBXFileReference; explicitFileType = wrapper.application; includeInIndex = 0; path = "NTNU Image Talk Mobile.app"; sourceTree = BUILT_PRODUCTS_DIR; };
		BF1BBB391E0E438700444D62 /* AppDelegate.swift */ = {isa = PBXFileReference; lastKnownFileType = sourcecode.swift; path = AppDelegate.swift; sourceTree = "<group>"; };
		BF1BBB3E1E0E438700444D62 /* Base */ = {isa = PBXFileReference; lastKnownFileType = file.storyboard; name = Base; path = Base.lproj/Main.storyboard; sourceTree = "<group>"; };
		BF1BBB411E0E438700444D62 /* NTNU_Image_Talk_Mobile.xcdatamodel */ = {isa = PBXFileReference; lastKnownFileType = wrapper.xcdatamodel; path = NTNU_Image_Talk_Mobile.xcdatamodel; sourceTree = "<group>"; };
		BF1BBB431E0E438700444D62 /* Assets.xcassets */ = {isa = PBXFileReference; lastKnownFileType = folder.assetcatalog; path = Assets.xcassets; sourceTree = "<group>"; };
		BF1BBB461E0E438700444D62 /* Base */ = {isa = PBXFileReference; lastKnownFileType = file.storyboard; name = Base; path = Base.lproj/LaunchScreen.storyboard; sourceTree = "<group>"; };
		BF1BBB481E0E438700444D62 /* Info.plist */ = {isa = PBXFileReference; lastKnownFileType = text.plist.xml; path = Info.plist; sourceTree = "<group>"; };
		BF1BBB4D1E0E438800444D62 /* NTNU Image Talk MobileTests.xctest */ = {isa = PBXFileReference; explicitFileType = wrapper.cfbundle; includeInIndex = 0; path = "NTNU Image Talk MobileTests.xctest"; sourceTree = BUILT_PRODUCTS_DIR; };
		BF1BBB511E0E438800444D62 /* NTNU_Image_Talk_MobileTests.swift */ = {isa = PBXFileReference; lastKnownFileType = sourcecode.swift; path = NTNU_Image_Talk_MobileTests.swift; sourceTree = "<group>"; };
		BF1BBB531E0E438800444D62 /* Info.plist */ = {isa = PBXFileReference; lastKnownFileType = text.plist.xml; path = Info.plist; sourceTree = "<group>"; };
		BF1BBB581E0E438800444D62 /* NTNU Image Talk MobileUITests.xctest */ = {isa = PBXFileReference; explicitFileType = wrapper.cfbundle; includeInIndex = 0; path = "NTNU Image Talk MobileUITests.xctest"; sourceTree = BUILT_PRODUCTS_DIR; };
		BF1BBB5C1E0E438800444D62 /* NTNU_Image_Talk_MobileUITests.swift */ = {isa = PBXFileReference; lastKnownFileType = sourcecode.swift; path = NTNU_Image_Talk_MobileUITests.swift; sourceTree = "<group>"; };
		BF1BBB5E1E0E438800444D62 /* Info.plist */ = {isa = PBXFileReference; lastKnownFileType = text.plist.xml; path = Info.plist; sourceTree = "<group>"; };
		BF1BBB6A1E0E509800444D62 /* ImageTableViewController.swift */ = {isa = PBXFileReference; fileEncoding = 4; lastKnownFileType = sourcecode.swift; path = ImageTableViewController.swift; sourceTree = "<group>"; };
		BF1BBB6C1E0E6C2200444D62 /* ImageTableViewCell.swift */ = {isa = PBXFileReference; fileEncoding = 4; lastKnownFileType = sourcecode.swift; path = ImageTableViewCell.swift; sourceTree = "<group>"; };
		BF1BBB6E1E0E9E8A00444D62 /* imageDetailViewController.swift */ = {isa = PBXFileReference; fileEncoding = 4; lastKnownFileType = sourcecode.swift; path = imageDetailViewController.swift; sourceTree = "<group>"; };
		BF1BBB701E0EA19600444D62 /* MyImage.swift */ = {isa = PBXFileReference; fileEncoding = 4; lastKnownFileType = sourcecode.swift; path = MyImage.swift; sourceTree = "<group>"; };
		BF1BBB721E0FBC1800444D62 /* addImageControllerTableViewController.swift */ = {isa = PBXFileReference; fileEncoding = 4; lastKnownFileType = sourcecode.swift; path = addImageControllerTableViewController.swift; sourceTree = "<group>"; };
/* End PBXFileReference section */

/* Begin PBXFrameworksBuildPhase section */
		BF1BBB331E0E438700444D62 /* Frameworks */ = {
			isa = PBXFrameworksBuildPhase;
			buildActionMask = 2147483647;
			files = (
			);
			runOnlyForDeploymentPostprocessing = 0;
		};
		BF1BBB4A1E0E438800444D62 /* Frameworks */ = {
			isa = PBXFrameworksBuildPhase;
			buildActionMask = 2147483647;
			files = (
			);
			runOnlyForDeploymentPostprocessing = 0;
		};
		BF1BBB551E0E438800444D62 /* Frameworks */ = {
			isa = PBXFrameworksBuildPhase;
			buildActionMask = 2147483647;
			files = (
			);
			runOnlyForDeploymentPostprocessing = 0;
		};
/* End PBXFrameworksBuildPhase section */

/* Begin PBXGroup section */
		BF1BBB2D1E0E438700444D62 = {
			isa = PBXGroup;
			children = (
				BF1BBB381E0E438700444D62 /* NTNU Image Talk Mobile */,
				BF1BBB501E0E438800444D62 /* NTNU Image Talk MobileTests */,
				BF1BBB5B1E0E438800444D62 /* NTNU Image Talk MobileUITests */,
				BF1BBB371E0E438700444D62 /* Products */,
			);
			sourceTree = "<group>";
		};
		BF1BBB371E0E438700444D62 /* Products */ = {
			isa = PBXGroup;
			children = (
				BF1BBB361E0E438700444D62 /* NTNU Image Talk Mobile.app */,
				BF1BBB4D1E0E438800444D62 /* NTNU Image Talk MobileTests.xctest */,
				BF1BBB581E0E438800444D62 /* NTNU Image Talk MobileUITests.xctest */,
			);
			name = Products;
			sourceTree = "<group>";
		};
		BF1BBB381E0E438700444D62 /* NTNU Image Talk Mobile */ = {
			isa = PBXGroup;
			children = (
				BF1BBB391E0E438700444D62 /* AppDelegate.swift */,
				BF1BBB3D1E0E438700444D62 /* Main.storyboard */,
				BF1BBB431E0E438700444D62 /* Assets.xcassets */,
				BF1BBB451E0E438700444D62 /* LaunchScreen.storyboard */,
				BF1BBB481E0E438700444D62 /* Info.plist */,
				BF1BBB401E0E438700444D62 /* NTNU_Image_Talk_Mobile.xcdatamodeld */,
				BF1BBB6A1E0E509800444D62 /* ImageTableViewController.swift */,
				BF1BBB6C1E0E6C2200444D62 /* ImageTableViewCell.swift */,
				BF1BBB6E1E0E9E8A00444D62 /* imageDetailViewController.swift */,
				BF1BBB701E0EA19600444D62 /* MyImage.swift */,
				BF1BBB721E0FBC1800444D62 /* addImageControllerTableViewController.swift */,
			);
			path = "NTNU Image Talk Mobile";
			sourceTree = "<group>";
		};
		BF1BBB501E0E438800444D62 /* NTNU Image Talk MobileTests */ = {
			isa = PBXGroup;
			children = (
				BF1BBB511E0E438800444D62 /* NTNU_Image_Talk_MobileTests.swift */,
				BF1BBB531E0E438800444D62 /* Info.plist */,
			);
			path = "NTNU Image Talk MobileTests";
			sourceTree = "<group>";
		};
		BF1BBB5B1E0E438800444D62 /* NTNU Image Talk MobileUITests */ = {
			isa = PBXGroup;
			children = (
				BF1BBB5C1E0E438800444D62 /* NTNU_Image_Talk_MobileUITests.swift */,
				BF1BBB5E1E0E438800444D62 /* Info.plist */,
			);
			path = "NTNU Image Talk MobileUITests";
			sourceTree = "<group>";
		};
/* End PBXGroup section */

/* Begin PBXNativeTarget section */
		BF1BBB351E0E438700444D62 /* NTNU Image Talk Mobile */ = {
			isa = PBXNativeTarget;
			buildConfigurationList = BF1BBB611E0E438800444D62 /* Build configuration list for PBXNativeTarget "NTNU Image Talk Mobile" */;
			buildPhases = (
				BF1BBB321E0E438700444D62 /* Sources */,
				BF1BBB331E0E438700444D62 /* Frameworks */,
				BF1BBB341E0E438700444D62 /* Resources */,
			);
			buildRules = (
			);
			dependencies = (
			);
			name = "NTNU Image Talk Mobile";
			productName = "NTNU Image Talk Mobile";
			productReference = BF1BBB361E0E438700444D62 /* NTNU Image Talk Mobile.app */;
			productType = "com.apple.product-type.application";
		};
		BF1BBB4C1E0E438800444D62 /* NTNU Image Talk MobileTests */ = {
			isa = PBXNativeTarget;
			buildConfigurationList = BF1BBB641E0E438800444D62 /* Build configuration list for PBXNativeTarget "NTNU Image Talk MobileTests" */;
			buildPhases = (
				BF1BBB491E0E438800444D62 /* Sources */,
				BF1BBB4A1E0E438800444D62 /* Frameworks */,
				BF1BBB4B1E0E438800444D62 /* Resources */,
			);
			buildRules = (
			);
			dependencies = (
				BF1BBB4F1E0E438800444D62 /* PBXTargetDependency */,
			);
			name = "NTNU Image Talk MobileTests";
			productName = "NTNU Image Talk MobileTests";
			productReference = BF1BBB4D1E0E438800444D62 /* NTNU Image Talk MobileTests.xctest */;
			productType = "com.apple.product-type.bundle.unit-test";
		};
		BF1BBB571E0E438800444D62 /* NTNU Image Talk MobileUITests */ = {
			isa = PBXNativeTarget;
			buildConfigurationList = BF1BBB671E0E438800444D62 /* Build configuration list for PBXNativeTarget "NTNU Image Talk MobileUITests" */;
			buildPhases = (
				BF1BBB541E0E438800444D62 /* Sources */,
				BF1BBB551E0E438800444D62 /* Frameworks */,
				BF1BBB561E0E438800444D62 /* Resources */,
			);
			buildRules = (
			);
			dependencies = (
				BF1BBB5A1E0E438800444D62 /* PBXTargetDependency */,
			);
			name = "NTNU Image Talk MobileUITests";
			productName = "NTNU Image Talk MobileUITests";
			productReference = BF1BBB581E0E438800444D62 /* NTNU Image Talk MobileUITests.xctest */;
			productType = "com.apple.product-type.bundle.ui-testing";
		};
/* End PBXNativeTarget section */

/* Begin PBXProject section */
		BF1BBB2E1E0E438700444D62 /* Project object */ = {
			isa = PBXProject;
			attributes = {
				LastSwiftUpdateCheck = 0810;
				LastUpgradeCheck = 0820;
				ORGANIZATIONNAME = "WAN SHR-TZE";
				TargetAttributes = {
					BF1BBB351E0E438700444D62 = {
						CreatedOnToolsVersion = 8.1;
						DevelopmentTeam = 8R7R6KLM3D;
						ProvisioningStyle = Automatic;
					};
					BF1BBB4C1E0E438800444D62 = {
						CreatedOnToolsVersion = 8.1;
						DevelopmentTeam = 8R7R6KLM3D;
						ProvisioningStyle = Automatic;
						TestTargetID = BF1BBB351E0E438700444D62;
					};
					BF1BBB571E0E438800444D62 = {
						CreatedOnToolsVersion = 8.1;
						DevelopmentTeam = 8R7R6KLM3D;
						ProvisioningStyle = Automatic;
						TestTargetID = BF1BBB351E0E438700444D62;
					};
				};
			};
			buildConfigurationList = BF1BBB311E0E438700444D62 /* Build configuration list for PBXProject "NTNU Image Talk Mobile" */;
			compatibilityVersion = "Xcode 3.2";
			developmentRegion = English;
			hasScannedForEncodings = 0;
			knownRegions = (
				en,
				Base,
			);
			mainGroup = BF1BBB2D1E0E438700444D62;
			productRefGroup = BF1BBB371E0E438700444D62 /* Products */;
			projectDirPath = "";
			projectRoot = "";
			targets = (
				BF1BBB351E0E438700444D62 /* NTNU Image Talk Mobile */,
				BF1BBB4C1E0E438800444D62 /* NTNU Image Talk MobileTests */,
				BF1BBB571E0E438800444D62 /* NTNU Image Talk MobileUITests */,
			);
		};
/* End PBXProject section */

/* Begin PBXResourcesBuildPhase section */
		BF1BBB341E0E438700444D62 /* Resources */ = {
			isa = PBXResourcesBuildPhase;
			buildActionMask = 2147483647;
			files = (
				BF1BBB471E0E438700444D62 /* LaunchScreen.storyboard in Resources */,
				BF1BBB441E0E438700444D62 /* Assets.xcassets in Resources */,
				BF1BBB3F1E0E438700444D62 /* Main.storyboard in Resources */,
			);
			runOnlyForDeploymentPostprocessing = 0;
		};
		BF1BBB4B1E0E438800444D62 /* Resources */ = {
			isa = PBXResourcesBuildPhase;
			buildActionMask = 2147483647;
			files = (
			);
			runOnlyForDeploymentPostprocessing = 0;
		};
		BF1BBB561E0E438800444D62 /* Resources */ = {
			isa = PBXResourcesBuildPhase;
			buildActionMask = 2147483647;
			files = (
			);
			runOnlyForDeploymentPostprocessing = 0;
		};
/* End PBXResourcesBuildPhase section */

/* Begin PBXSourcesBuildPhase section */
		BF1BBB321E0E438700444D62 /* Sources */ = {
			isa = PBXSourcesBuildPhase;
			buildActionMask = 2147483647;
			files = (
				BF1BBB3A1E0E438700444D62 /* AppDelegate.swift in Sources */,
				BF1BBB731E0FBC1900444D62 /* addImageControllerTableViewController.swift in Sources */,
				BF1BBB711E0EA19600444D62 /* MyImage.swift in Sources */,
				BF1BBB6D1E0E6C2200444D62 /* ImageTableViewCell.swift in Sources */,
				BF1BBB6F1E0E9E8A00444D62 /* imageDetailViewController.swift in Sources */,
				BF1BBB6B1E0E509800444D62 /* ImageTableViewController.swift in Sources */,
				BF1BBB421E0E438700444D62 /* NTNU_Image_Talk_Mobile.xcdatamodeld in Sources */,
			);
			runOnlyForDeploymentPostprocessing = 0;
		};
		BF1BBB491E0E438800444D62 /* Sources */ = {
			isa = PBXSourcesBuildPhase;
			buildActionMask = 2147483647;
			files = (
				BF1BBB521E0E438800444D62 /* NTNU_Image_Talk_MobileTests.swift in Sources */,
			);
			runOnlyForDeploymentPostprocessing = 0;
		};
		BF1BBB541E0E438800444D62 /* Sources */ = {
			isa = PBXSourcesBuildPhase;
			buildActionMask = 2147483647;
			files = (
				BF1BBB5D1E0E438800444D62 /* NTNU_Image_Talk_MobileUITests.swift in Sources */,
			);
			runOnlyForDeploymentPostprocessing = 0;
		};
/* End PBXSourcesBuildPhase section */

/* Begin PBXTargetDependency section */
		BF1BBB4F1E0E438800444D62 /* PBXTargetDependency */ = {
			isa = PBXTargetDependency;
			target = BF1BBB351E0E438700444D62 /* NTNU Image Talk Mobile */;
			targetProxy = BF1BBB4E1E0E438800444D62 /* PBXContainerItemProxy */;
		};
		BF1BBB5A1E0E438800444D62 /* PBXTargetDependency */ = {
			isa = PBXTargetDependency;
			target = BF1BBB351E0E438700444D62 /* NTNU Image Talk Mobile */;
			targetProxy = BF1BBB591E0E438800444D62 /* PBXContainerItemProxy */;
		};
/* End PBXTargetDependency section */

/* Begin PBXVariantGroup section */
		BF1BBB3D1E0E438700444D62 /* Main.storyboard */ = {
			isa = PBXVariantGroup;
			children = (
				BF1BBB3E1E0E438700444D62 /* Base */,
			);
			name = Main.storyboard;
			sourceTree = "<group>";
		};
		BF1BBB451E0E438700444D62 /* LaunchScreen.storyboard */ = {
			isa = PBXVariantGroup;
			children = (
				BF1BBB461E0E438700444D62 /* Base */,
			);
			name = LaunchScreen.storyboard;
			sourceTree = "<group>";
		};
/* End PBXVariantGroup section */

/* Begin XCBuildConfiguration section */
		BF1BBB5F1E0E438800444D62 /* Debug */ = {
			isa = XCBuildConfiguration;
			buildSettings = {
				ALWAYS_SEARCH_USER_PATHS = NO;
				CLANG_ANALYZER_NONNULL = YES;
				CLANG_CXX_LANGUAGE_STANDARD = "gnu++0x";
				CLANG_CXX_LIBRARY = "libc++";
				CLANG_ENABLE_MODULES = YES;
				CLANG_ENABLE_OBJC_ARC = YES;
				CLANG_WARN_BOOL_CONVERSION = YES;
				CLANG_WARN_CONSTANT_CONVERSION = YES;
				CLANG_WARN_DIRECT_OBJC_ISA_USAGE = YES_ERROR;
				CLANG_WARN_DOCUMENTATION_COMMENTS = YES;
				CLANG_WARN_EMPTY_BODY = YES;
				CLANG_WARN_ENUM_CONVERSION = YES;
				CLANG_WARN_INFINITE_RECURSION = YES;
				CLANG_WARN_INT_CONVERSION = YES;
				CLANG_WARN_OBJC_ROOT_CLASS = YES_ERROR;
				CLANG_WARN_SUSPICIOUS_MOVE = YES;
				CLANG_WARN_SUSPICIOUS_MOVES = YES;
				CLANG_WARN_UNREACHABLE_CODE = YES;
				CLANG_WARN__DUPLICATE_METHOD_MATCH = YES;
				"CODE_SIGN_IDENTITY[sdk=iphoneos*]" = "iPhone Developer";
				COPY_PHASE_STRIP = NO;
				DEBUG_INFORMATION_FORMAT = dwarf;
				ENABLE_STRICT_OBJC_MSGSEND = YES;
				ENABLE_TESTABILITY = YES;
				GCC_C_LANGUAGE_STANDARD = gnu99;
				GCC_DYNAMIC_NO_PIC = NO;
				GCC_NO_COMMON_BLOCKS = YES;
				GCC_OPTIMIZATION_LEVEL = 0;
				GCC_PREPROCESSOR_DEFINITIONS = (
					"DEBUG=1",
					"$(inherited)",
				);
				GCC_WARN_64_TO_32_BIT_CONVERSION = YES;
				GCC_WARN_ABOUT_RETURN_TYPE = YES_ERROR;
				GCC_WARN_UNDECLARED_SELECTOR = YES;
				GCC_WARN_UNINITIALIZED_AUTOS = YES_AGGRESSIVE;
				GCC_WARN_UNUSED_FUNCTION = YES;
				GCC_WARN_UNUSED_VARIABLE = YES;
				IPHONEOS_DEPLOYMENT_TARGET = 10.1;
				MTL_ENABLE_DEBUG_INFO = YES;
				ONLY_ACTIVE_ARCH = YES;
				SDKROOT = iphoneos;
				SWIFT_ACTIVE_COMPILATION_CONDITIONS = DEBUG;
				SWIFT_OPTIMIZATION_LEVEL = "-Onone";
			};
			name = Debug;
		};
		BF1BBB601E0E438800444D62 /* Release */ = {
			isa = XCBuildConfiguration;
			buildSettings = {
				ALWAYS_SEARCH_USER_PATHS = NO;
				CLANG_ANALYZER_NONNULL = YES;
				CLANG_CXX_LANGUAGE_STANDARD = "gnu++0x";
				CLANG_CXX_LIBRARY = "libc++";
				CLANG_ENABLE_MODULES = YES;
				CLANG_ENABLE_OBJC_ARC = YES;
				CLANG_WARN_BOOL_CONVERSION = YES;
				CLANG_WARN_CONSTANT_CONVERSION = YES;
				CLANG_WARN_DIRECT_OBJC_ISA_USAGE = YES_ERROR;
				CLANG_WARN_DOCUMENTATION_COMMENTS = YES;
				CLANG_WARN_EMPTY_BODY = YES;
				CLANG_WARN_ENUM_CONVERSION = YES;
				CLANG_WARN_INFINITE_RECURSION = YES;
				CLANG_WARN_INT_CONVERSION = YES;
				CLANG_WARN_OBJC_ROOT_CLASS = YES_ERROR;
				CLANG_WARN_SUSPICIOUS_MOVE = YES;
				CLANG_WARN_SUSPICIOUS_MOVES = YES;
				CLANG_WARN_UNREACHABLE_CODE = YES;
				CLANG_WARN__DUPLICATE_METHOD_MATCH = YES;
				"CODE_SIGN_IDENTITY[sdk=iphoneos*]" = "iPhone Developer";
				COPY_PHASE_STRIP = NO;
				DEBUG_INFORMATION_FORMAT = "dwarf-with-dsym";
				ENABLE_NS_ASSERTIONS = NO;
				ENABLE_STRICT_OBJC_MSGSEND = YES;
				GCC_C_LANGUAGE_STANDARD = gnu99;
				GCC_NO_COMMON_BLOCKS = YES;
				GCC_WARN_64_TO_32_BIT_CONVERSION = YES;
				GCC_WARN_ABOUT_RETURN_TYPE = YES_ERROR;
				GCC_WARN_UNDECLARED_SELECTOR = YES;
				GCC_WARN_UNINITIALIZED_AUTOS = YES_AGGRESSIVE;
				GCC_WARN_UNUSED_FUNCTION = YES;
				GCC_WARN_UNUSED_VARIABLE = YES;
				IPHONEOS_DEPLOYMENT_TARGET = 10.1;
				MTL_ENABLE_DEBUG_INFO = NO;
				SDKROOT = iphoneos;
				SWIFT_OPTIMIZATION_LEVEL = "-Owholemodule";
				VALIDATE_PRODUCT = YES;
			};
			name = Release;
		};
		BF1BBB621E0E438800444D62 /* Debug */ = {
			isa = XCBuildConfiguration;
			buildSettings = {
				ASSETCATALOG_COMPILER_APPICON_NAME = AppIcon;
				DEVELOPMENT_TEAM = 8R7R6KLM3D;
				INFOPLIST_FILE = "NTNU Image Talk Mobile/Info.plist";
				LD_RUNPATH_SEARCH_PATHS = "$(inherited) @executable_path/Frameworks";
				PRODUCT_BUNDLE_IDENTIFIER = "NTNUIMG-TALK.NTNU-Image-Talk-Mobile";
				PRODUCT_NAME = "$(TARGET_NAME)";
				SWIFT_VERSION = 3.0;
			};
			name = Debug;
		};
		BF1BBB631E0E438800444D62 /* Release */ = {
			isa = XCBuildConfiguration;
			buildSettings = {
				ASSETCATALOG_COMPILER_APPICON_NAME = AppIcon;
				DEVELOPMENT_TEAM = 8R7R6KLM3D;
				INFOPLIST_FILE = "NTNU Image Talk Mobile/Info.plist";
				LD_RUNPATH_SEARCH_PATHS = "$(inherited) @executable_path/Frameworks";
				PRODUCT_BUNDLE_IDENTIFIER = "NTNUIMG-TALK.NTNU-Image-Talk-Mobile";
				PRODUCT_NAME = "$(TARGET_NAME)";
				SWIFT_VERSION = 3.0;
			};
			name = Release;
		};
		BF1BBB651E0E438800444D62 /* Debug */ = {
			isa = XCBuildConfiguration;
			buildSettings = {
				ALWAYS_EMBED_SWIFT_STANDARD_LIBRARIES = YES;
				BUNDLE_LOADER = "$(TEST_HOST)";
				DEVELOPMENT_TEAM = 8R7R6KLM3D;
				INFOPLIST_FILE = "NTNU Image Talk MobileTests/Info.plist";
				LD_RUNPATH_SEARCH_PATHS = "$(inherited) @executable_path/Frameworks @loader_path/Frameworks";
				PRODUCT_BUNDLE_IDENTIFIER = "NTNUIMG-TALK.NTNU-Image-Talk-MobileTests";
				PRODUCT_NAME = "$(TARGET_NAME)";
				SWIFT_VERSION = 3.0;
				TEST_HOST = "$(BUILT_PRODUCTS_DIR)/NTNU Image Talk Mobile.app/NTNU Image Talk Mobile";
			};
			name = Debug;
		};
		BF1BBB661E0E438800444D62 /* Release */ = {
			isa = XCBuildConfiguration;
			buildSettings = {
				ALWAYS_EMBED_SWIFT_STANDARD_LIBRARIES = YES;
				BUNDLE_LOADER = "$(TEST_HOST)";
				DEVELOPMENT_TEAM = 8R7R6KLM3D;
				INFOPLIST_FILE = "NTNU Image Talk MobileTests/Info.plist";
				LD_RUNPATH_SEARCH_PATHS = "$(inherited) @executable_path/Frameworks @loader_path/Frameworks";
				PRODUCT_BUNDLE_IDENTIFIER = "NTNUIMG-TALK.NTNU-Image-Talk-MobileTests";
				PRODUCT_NAME = "$(TARGET_NAME)";
				SWIFT_VERSION = 3.0;
				TEST_HOST = "$(BUILT_PRODUCTS_DIR)/NTNU Image Talk Mobile.app/NTNU Image Talk Mobile";
			};
			name = Release;
		};
		BF1BBB681E0E438800444D62 /* Debug */ = {
			isa = XCBuildConfiguration;
			buildSettings = {
				ALWAYS_EMBED_SWIFT_STANDARD_LIBRARIES = YES;
				DEVELOPMENT_TEAM = 8R7R6KLM3D;
				INFOPLIST_FILE = "NTNU Image Talk MobileUITests/Info.plist";
				LD_RUNPATH_SEARCH_PATHS = "$(inherited) @executable_path/Frameworks @loader_path/Frameworks";
				PRODUCT_BUNDLE_IDENTIFIER = "NTNUIMG-TALK.NTNU-Image-Talk-MobileUITests";
				PRODUCT_NAME = "$(TARGET_NAME)";
				SWIFT_VERSION = 3.0;
				TEST_TARGET_NAME = "NTNU Image Talk Mobile";
			};
			name = Debug;
		};
		BF1BBB691E0E438800444D62 /* Release */ = {
			isa = XCBuildConfiguration;
			buildSettings = {
				ALWAYS_EMBED_SWIFT_STANDARD_LIBRARIES = YES;
				DEVELOPMENT_TEAM = 8R7R6KLM3D;
				INFOPLIST_FILE = "NTNU Image Talk MobileUITests/Info.plist";
				LD_RUNPATH_SEARCH_PATHS = "$(inherited) @executable_path/Frameworks @loader_path/Frameworks";
				PRODUCT_BUNDLE_IDENTIFIER = "NTNUIMG-TALK.NTNU-Image-Talk-MobileUITests";
				PRODUCT_NAME = "$(TARGET_NAME)";
				SWIFT_VERSION = 3.0;
				TEST_TARGET_NAME = "NTNU Image Talk Mobile";
			};
			name = Release;
		};
/* End XCBuildConfiguration section */

/* Begin XCConfigurationList section */
		BF1BBB311E0E438700444D62 /* Build configuration list for PBXProject "NTNU Image Talk Mobile" */ = {
			isa = XCConfigurationList;
			buildConfigurations = (
				BF1BBB5F1E0E438800444D62 /* Debug */,
				BF1BBB601E0E438800444D62 /* Release */,
			);
			defaultConfigurationIsVisible = 0;
			defaultConfigurationName = Release;
		};
		BF1BBB611E0E438800444D62 /* Build configuration list for PBXNativeTarget "NTNU Image Talk Mobile" */ = {
			isa = XCConfigurationList;
			buildConfigurations = (
				BF1BBB621E0E438800444D62 /* Debug */,
				BF1BBB631E0E438800444D62 /* Release */,
			);
			defaultConfigurationIsVisible = 0;
			defaultConfigurationName = Release;
		};
		BF1BBB641E0E438800444D62 /* Build configuration list for PBXNativeTarget "NTNU Image Talk MobileTests" */ = {
			isa = XCConfigurationList;
			buildConfigurations = (
				BF1BBB651E0E438800444D62 /* Debug */,
				BF1BBB661E0E438800444D62 /* Release */,
			);
			defaultConfigurationIsVisible = 0;
			defaultConfigurationName = Release;
		};
		BF1BBB671E0E438800444D62 /* Build configuration list for PBXNativeTarget "NTNU Image Talk MobileUITests" */ = {
			isa = XCConfigurationList;
			buildConfigurations = (
				BF1BBB681E0E438800444D62 /* Debug */,
				BF1BBB691E0E438800444D62 /* Release */,
			);
			defaultConfigurationIsVisible = 0;
			defaultConfigurationName = Release;
		};
/* End XCConfigurationList section */

/* Begin XCVersionGroup section */
		BF1BBB401E0E438700444D62 /* NTNU_Image_Talk_Mobile.xcdatamodeld */ = {
			isa = XCVersionGroup;
			children = (
				BF1BBB411E0E438700444D62 /* NTNU_Image_Talk_Mobile.xcdatamodel */,
			);
			currentVersion = BF1BBB411E0E438700444D62 /* NTNU_Image_Talk_Mobile.xcdatamodel */;
			path = NTNU_Image_Talk_Mobile.xcdatamodeld;
			sourceTree = "<group>";
			versionGroupType = wrapper.xcdatamodel;
		};
/* End XCVersionGroup section */
	};
	rootObject = BF1BBB2E1E0E438700444D62 /* Project object */;
}
